lockfileVersion: '9.0'

settings:
  autoInstallPeers: true
  excludeLinksFromLockfile: false

importers:

  .:
    devDependencies:
      '@langri-sha/prettier':
        specifier: ^0.4.0
        version: 0.4.2(prettier@3.9.6)
      prettier:
        specifier: ^3.8.3
        version: 3.9.6
      prettier-plugin-ini:
        specifier: ^1.3.0
        version: 1.3.0

packages:

  '@langri-sha/prettier@0.4.2':
    resolution: {integrity: sha512-abuWKR1gkjuolxBvtC1teh/+wS+BcuXRAhSSO6416U9NsXGzn1L+I7q1+vXtERCK4/4E5Aygo5/pnxlpzE0MgQ==}
    peerDependencies:
      prettier: ^3.0.0

  prettier-plugin-ini@1.3.0:
    resolution: {integrity: sha512-kX1KnPwITCTtYV0MTBZQKuFLxcNcbHOS9r7Ta1jHLLvRvZRTzHHqX0MEZMrCkedjLuxpQSgzr4aC5IRd+R3FPw==}

  prettier@3.9.6:
    resolution: {integrity: sha512-OpN0zzVdiaiAhxpuuj5efpIS4sY9j7bY6uR5mnj5yPzGkdkjNKSJeUThPb60Jw29QuAZgA4o+/iB49kFiaBX6g==}
    engines: {node: '>=14'}
    hasBin: true

snapshots:

  '@langri-sha/prettier@0.4.2(prettier@3.9.6)':
    dependencies:
      prettier: 3.9.6
      prettier-plugin-ini: 1.3.0

  prettier-plugin-ini@1.3.0:
    dependencies:
      prettier: 3.9.6

  prettier@3.9.6: {}
